// !$*UTF8*$!
{
	archiveVersion = 1;
	classes = {
	};
	objectVersion = 48;
	objects = {

/* Begin PBXBuildFile section */
		AD1E4F7556EFA1448752C544 /* Pods_StudioMedDatabaseUITests.framework in Frameworks */ = {isa = PBXBuildFile; fileRef = AC1A962ACA2C6BC75908F5D3 /* Pods_StudioMedDatabaseUITests.framework */; };
		B1B3C5CDFB82FDDD8A2590CD /* Pods_StudioMedDatabaseTests.framework in Frameworks */ = {isa = PBXBuildFile; fileRef = 344048C03F932791C24E3A1E /* Pods_StudioMedDatabaseTests.framework */; };
		C608F30520B5DC0700410951 /* DateCollectionViewCell.swift in Sources */ = {isa = PBXBuildFile; fileRef = C608F30120B5DC0200410951 /* DateCollectionViewCell.swift */; };
		C608F30620B5DC0700410951 /* DateTimePicker.swift in Sources */ = {isa = PBXBuildFile; fileRef = C608F30220B5DC0300410951 /* DateTimePicker.swift */; };
		C608F30720B5DC0700410951 /* FullDateCollectionViewCell.swift in Sources */ = {isa = PBXBuildFile; fileRef = C608F30320B5DC0500410951 /* FullDateCollectionViewCell.swift */; };
		C608F30820B5DC0700410951 /* StepCollectionViewFlowLayout.swift in Sources */ = {isa = PBXBuildFile; fileRef = C608F30420B5DC0600410951 /* StepCollectionViewFlowLayout.swift */; };
		C631F03B20AF820700D985E2 /* GetDateVC.swift in Sources */ = {isa = PBXBuildFile; fileRef = C631F03A20AF820700D985E2 /* GetDateVC.swift */; };
		C631F03D20AF860E00D985E2 /* Protocols.swift in Sources */ = {isa = PBXBuildFile; fileRef = C631F03C20AF860E00D985E2 /* Protocols.swift */; };
		C631F04120B135E600D985E2 /* ScaleSegue.swift in Sources */ = {isa = PBXBuildFile; fileRef = C631F04020B135E600D985E2 /* ScaleSegue.swift */; };
		C631F04520B1BEC900D985E2 /* OnBoardingCollectionViewCell.swift in Sources */ = {isa = PBXBuildFile; fileRef = C631F04420B1BEC900D985E2 /* OnBoardingCollectionViewCell.swift */; };
		C64265D1209F662E00D412D8 /* CreateAccountVC.swift in Sources */ = {isa = PBXBuildFile; fileRef = C64265D0209F662E00D412D8 /* CreateAccountVC.swift */; };
		C64265D5209F6B7E00D412D8 /* UserDataModel.swift in Sources */ = {isa = PBXBuildFile; fileRef = C64265D4209F6B7E00D412D8 /* UserDataModel.swift */; };
		C64265D7209F747B00D412D8 /* Alerts.swift in Sources */ = {isa = PBXBuildFile; fileRef = C64265D6209F747B00D412D8 /* Alerts.swift */; };
		C64265D9209F750500D412D8 /* GCD.swift in Sources */ = {isa = PBXBuildFile; fileRef = C64265D8209F750500D412D8 /* GCD.swift */; };
		C64265DE20A0E27000D412D8 /* CreateApptVC.swift in Sources */ = {isa = PBXBuildFile; fileRef = C64265DD20A0E27000D412D8 /* CreateApptVC.swift */; };
		C64265E120A0F47100D412D8 /* User.swift in Sources */ = {isa = PBXBuildFile; fileRef = C64265E020A0F47100D412D8 /* User.swift */; };
		C64265E720A12D8600D412D8 /* Appointment.swift in Sources */ = {isa = PBXBuildFile; fileRef = C64265E620A12D8600D412D8 /* Appointment.swift */; };
		C64265E920A1305100D412D8 /* LoginVC.swift in Sources */ = {isa = PBXBuildFile; fileRef = C64265E820A1305100D412D8 /* LoginVC.swift */; };
		C64265ED20A1375C00D412D8 /* ClientTabVC.swift in Sources */ = {isa = PBXBuildFile; fileRef = C64265EC20A1375C00D412D8 /* ClientTabVC.swift */; };
		C64265F420A1FFF700D412D8 /* ApptDetailVC.swift in Sources */ = {isa = PBXBuildFile; fileRef = C64265F320A1FFF700D412D8 /* ApptDetailVC.swift */; };
		C64265FC20A21EA200D412D8 /* CustomHeader.swift in Sources */ = {isa = PBXBuildFile; fileRef = C64265FB20A21EA200D412D8 /* CustomHeader.swift */; };
		C64265FE20A2346D00D412D8 /* ClientAppointmentHistoryVC.swift in Sources */ = {isa = PBXBuildFile; fileRef = C64265FD20A2346D00D412D8 /* ClientAppointmentHistoryVC.swift */; };
		C642660020A25AE200D412D8 /* ClientAccountInfoVC.swift in Sources */ = {isa = PBXBuildFile; fileRef = C64265FF20A25AE200D412D8 /* ClientAccountInfoVC.swift */; };
		C642660220A25CA900D412D8 /* ResetPasswordVC.swift in Sources */ = {isa = PBXBuildFile; fileRef = C642660120A25CA900D412D8 /* ResetPasswordVC.swift */; };
		C642660420A4FB1E00D412D8 /* FirstLoginVC.swift in Sources */ = {isa = PBXBuildFile; fileRef = C642660320A4FB1E00D412D8 /* FirstLoginVC.swift */; };
		C644539020A64A9A001AEF32 /* ApptNotesVC.swift in Sources */ = {isa = PBXBuildFile; fileRef = C644538F20A64A9A001AEF32 /* ApptNotesVC.swift */; };
		C644539220A9A8A1001AEF32 /* TreatmentsCatVC.swift in Sources */ = {isa = PBXBuildFile; fileRef = C644539120A9A8A1001AEF32 /* TreatmentsCatVC.swift */; };
		C644548C20AD9620001AEF32 /* OnBoardingVC.swift in Sources */ = {isa = PBXBuildFile; fileRef = C644548B20AD9620001AEF32 /* OnBoardingVC.swift */; };
		C644549020AD9A2C001AEF32 /* CalendarExtensions.swift in Sources */ = {isa = PBXBuildFile; fileRef = C644548F20AD9A2C001AEF32 /* CalendarExtensions.swift */; };
		C656EF72209F5EF90032E26F /* AppDelegate.swift in Sources */ = {isa = PBXBuildFile; fileRef = C656EF71209F5EF90032E26F /* AppDelegate.swift */; };
		C656EF77209F5EF90032E26F /* Main.storyboard in Resources */ = {isa = PBXBuildFile; fileRef = C656EF75209F5EF90032E26F /* Main.storyboard */; };
		C656EF7A209F5EF90032E26F /* StudioMedDatabase.xcdatamodeld in Sources */ = {isa = PBXBuildFile; fileRef = C656EF78209F5EF90032E26F /* StudioMedDatabase.xcdatamodeld */; };
		C656EF7C209F5EF90032E26F /* Assets.xcassets in Resources */ = {isa = PBXBuildFile; fileRef = C656EF7B209F5EF90032E26F /* Assets.xcassets */; };
		C656EF7F209F5EF90032E26F /* LaunchScreen.storyboard in Resources */ = {isa = PBXBuildFile; fileRef = C656EF7D209F5EF90032E26F /* LaunchScreen.storyboard */; };
		C656EFE4209F60310032E26F /* GoogleService-Info.plist in Resources */ = {isa = PBXBuildFile; fileRef = C656EFE3209F60300032E26F /* GoogleService-Info.plist */; };
		C656EFE5209F60310032E26F /* GoogleService-Info.plist in Resources */ = {isa = PBXBuildFile; fileRef = C656EFE3209F60300032E26F /* GoogleService-Info.plist */; };
		C656EFE6209F60310032E26F /* GoogleService-Info.plist in Resources */ = {isa = PBXBuildFile; fileRef = C656EFE3209F60300032E26F /* GoogleService-Info.plist */; };
		C674E4C120C1C15E00587B15 /* ClientViewNotesVC.swift in Sources */ = {isa = PBXBuildFile; fileRef = C674E4C020C1C15E00587B15 /* ClientViewNotesVC.swift */; };
		C674E4C320C4ADCA00587B15 /* AboutStudioMedVC.swift in Sources */ = {isa = PBXBuildFile; fileRef = C674E4C220C4ADCA00587B15 /* AboutStudioMedVC.swift */; };
		C685DDFF20CF14C70022C418 /* RequestApptDetailVC.swift in Sources */ = {isa = PBXBuildFile; fileRef = C685DDFE20CF14C70022C418 /* RequestApptDetailVC.swift */; };
		C69DB17B20BEAFB90022A426 /* ColorExtensions.swift in Sources */ = {isa = PBXBuildFile; fileRef = C69DB17A20BEAFB90022A426 /* ColorExtensions.swift */; };
		C6BAB63920A5155A0078A8C0 /* ZipCodeArray.swift in Sources */ = {isa = PBXBuildFile; fileRef = C6BAB63820A5155A0078A8C0 /* ZipCodeArray.swift */; };
		C6BAB63B20A524010078A8C0 /* TermsOfServiceVC.swift in Sources */ = {isa = PBXBuildFile; fileRef = C6BAB63A20A524010078A8C0 /* TermsOfServiceVC.swift */; };
		C6BAB63D20A5240B0078A8C0 /* PrivacyPolicyVC.swift in Sources */ = {isa = PBXBuildFile; fileRef = C6BAB63C20A5240B0078A8C0 /* PrivacyPolicyVC.swift */; };
		C6BAB63F20A524160078A8C0 /* EditInfoVC.swift in Sources */ = {isa = PBXBuildFile; fileRef = C6BAB63E20A524160078A8C0 /* EditInfoVC.swift */; };
		C6BAB64120A533110078A8C0 /* ContactUsVC.swift in Sources */ = {isa = PBXBuildFile; fileRef = C6BAB64020A533110078A8C0 /* ContactUsVC.swift */; };
		C6BAB64420A621240078A8C0 /* TreatmentsVC.swift in Sources */ = {isa = PBXBuildFile; fileRef = C6BAB64320A621240078A8C0 /* TreatmentsVC.swift */; };
		C6BAB64620A624F40078A8C0 /* Treatment.swift in Sources */ = {isa = PBXBuildFile; fileRef = C6BAB64520A624F40078A8C0 /* Treatment.swift */; };
		C6BAB64820A629250078A8C0 /* TreatmentDetailVC.swift in Sources */ = {isa = PBXBuildFile; fileRef = C6BAB64720A629250078A8C0 /* TreatmentDetailVC.swift */; };
		C6BF8C5320BC4AAE00C652E5 /* SearchFooter.swift in Sources */ = {isa = PBXBuildFile; fileRef = C6BF8C5220BC4AAE00C652E5 /* SearchFooter.swift */; };
		C6F6334720C830E200F761EA /* MapPin.swift in Sources */ = {isa = PBXBuildFile; fileRef = C6F6334620C830E200F761EA /* MapPin.swift */; };
		C6F6334920C842B200F761EA /* FirstLoginNavVC.swift in Sources */ = {isa = PBXBuildFile; fileRef = C6F6334820C842B200F761EA /* FirstLoginNavVC.swift */; };
		E86F5A068996226E5EBDEAE3 /* Pods_StudioMedDatabase.framework in Frameworks */ = {isa = PBXBuildFile; fileRef = 57AFD6C6B3B470BA99F82962 /* Pods_StudioMedDatabase.framework */; };
/* End PBXBuildFile section */

/* Begin PBXContainerItemProxy section */
		C656EF86209F5EF90032E26F /* PBXContainerItemProxy */ = {
			isa = PBXContainerItemProxy;
			containerPortal = C656EF66209F5EF90032E26F /* Project object */;
			proxyType = 1;
			remoteGlobalIDString = C656EF6D209F5EF90032E26F;
			remoteInfo = StudioMedDatabase;
		};
		C656EF91209F5EF90032E26F /* PBXContainerItemProxy */ = {
			isa = PBXContainerItemProxy;
			containerPortal = C656EF66209F5EF90032E26F /* Project object */;
			proxyType = 1;
			remoteGlobalIDString = C656EF6D209F5EF90032E26F;
			remoteInfo = StudioMedDatabase;
		};
/* End PBXContainerItemProxy section */

/* Begin PBXFileReference section */
		03663DA1EBC3BAAF64B2FCD5 /* Pods-StudioMedDatabaseUITests.release.xcconfig */ = {isa = PBXFileReference; includeInIndex = 1; lastKnownFileType = text.xcconfig; name = "Pods-StudioMedDatabaseUITests.release.xcconfig"; path = "Pods/Target Support Files/Pods-StudioMedDatabaseUITests/Pods-StudioMedDatabaseUITests.release.xcconfig"; sourceTree = "<group>"; };
		192715BC51DBE27659C93DEA /* Pods-StudioMedDatabaseTests.debug.xcconfig */ = {isa = PBXFileReference; includeInIndex = 1; lastKnownFileType = text.xcconfig; name = "Pods-StudioMedDatabaseTests.debug.xcconfig"; path = "Pods/Target Support Files/Pods-StudioMedDatabaseTests/Pods-StudioMedDatabaseTests.debug.xcconfig"; sourceTree = "<group>"; };
		344048C03F932791C24E3A1E /* Pods_StudioMedDatabaseTests.framework */ = {isa = PBXFileReference; explicitFileType = wrapper.framework; includeInIndex = 0; path = Pods_StudioMedDatabaseTests.framework; sourceTree = BUILT_PRODUCTS_DIR; };
		57AFD6C6B3B470BA99F82962 /* Pods_StudioMedDatabase.framework */ = {isa = PBXFileReference; explicitFileType = wrapper.framework; includeInIndex = 0; path = Pods_StudioMedDatabase.framework; sourceTree = BUILT_PRODUCTS_DIR; };
		7E61010B1AE1B8DFF6271088 /* Pods-StudioMedDatabase.debug.xcconfig */ = {isa = PBXFileReference; includeInIndex = 1; lastKnownFileType = text.xcconfig; name = "Pods-StudioMedDatabase.debug.xcconfig"; path = "Pods/Target Support Files/Pods-StudioMedDatabase/Pods-StudioMedDatabase.debug.xcconfig"; sourceTree = "<group>"; };
		AC1A962ACA2C6BC75908F5D3 /* Pods_StudioMedDatabaseUITests.framework */ = {isa = PBXFileReference; explicitFileType = wrapper.framework; includeInIndex = 0; path = Pods_StudioMedDatabaseUITests.framework; sourceTree = BUILT_PRODUCTS_DIR; };
		B272D49DBAD86E0A97DF08E8 /* Pods-StudioMedDatabaseTests.release.xcconfig */ = {isa = PBXFileReference; includeInIndex = 1; lastKnownFileType = text.xcconfig; name = "Pods-StudioMedDatabaseTests.release.xcconfig"; path = "Pods/Target Support Files/Pods-StudioMedDatabaseTests/Pods-StudioMedDatabaseTests.release.xcconfig"; sourceTree = "<group>"; };
		C608F30120B5DC0200410951 /* DateCollectionViewCell.swift */ = {isa = PBXFileReference; fileEncoding = 4; lastKnownFileType = sourcecode.swift; path = DateCollectionViewCell.swift; sourceTree = "<group>"; };
		C608F30220B5DC0300410951 /* DateTimePicker.swift */ = {isa = PBXFileReference; fileEncoding = 4; lastKnownFileType = sourcecode.swift; path = DateTimePicker.swift; sourceTree = "<group>"; };
		C608F30320B5DC0500410951 /* FullDateCollectionViewCell.swift */ = {isa = PBXFileReference; fileEncoding = 4; lastKnownFileType = sourcecode.swift; path = FullDateCollectionViewCell.swift; sourceTree = "<group>"; };
		C608F30420B5DC0600410951 /* StepCollectionViewFlowLayout.swift */ = {isa = PBXFileReference; fileEncoding = 4; lastKnownFileType = sourcecode.swift; path = StepCollectionViewFlowLayout.swift; sourceTree = "<group>"; };
		C631F03A20AF820700D985E2 /* GetDateVC.swift */ = {isa = PBXFileReference; lastKnownFileType = sourcecode.swift; path = GetDateVC.swift; sourceTree = "<group>"; };
		C631F03C20AF860E00D985E2 /* Protocols.swift */ = {isa = PBXFileReference; lastKnownFileType = sourcecode.swift; path = Protocols.swift; sourceTree = "<group>"; };
		C631F04020B135E600D985E2 /* ScaleSegue.swift */ = {isa = PBXFileReference; lastKnownFileType = sourcecode.swift; path = ScaleSegue.swift; sourceTree = "<group>"; };
		C631F04420B1BEC900D985E2 /* OnBoardingCollectionViewCell.swift */ = {isa = PBXFileReference; lastKnownFileType = sourcecode.swift; path = OnBoardingCollectionViewCell.swift; sourceTree = "<group>"; };
		C64265D0209F662E00D412D8 /* CreateAccountVC.swift */ = {isa = PBXFileReference; lastKnownFileType = sourcecode.swift; path = CreateAccountVC.swift; sourceTree = "<group>"; };
		C64265D4209F6B7E00D412D8 /* UserDataModel.swift */ = {isa = PBXFileReference; lastKnownFileType = sourcecode.swift; path = UserDataModel.swift; sourceTree = "<group>"; };
		C64265D6209F747B00D412D8 /* Alerts.swift */ = {isa = PBXFileReference; lastKnownFileType = sourcecode.swift; path = Alerts.swift; sourceTree = "<group>"; };
		C64265D8209F750500D412D8 /* GCD.swift */ = {isa = PBXFileReference; lastKnownFileType = sourcecode.swift; path = GCD.swift; sourceTree = "<group>"; };
		C64265DD20A0E27000D412D8 /* CreateApptVC.swift */ = {isa = PBXFileReference; lastKnownFileType = sourcecode.swift; path = CreateApptVC.swift; sourceTree = "<group>"; };
		C64265E020A0F47100D412D8 /* User.swift */ = {isa = PBXFileReference; lastKnownFileType = sourcecode.swift; path = User.swift; sourceTree = "<group>"; };
		C64265E620A12D8600D412D8 /* Appointment.swift */ = {isa = PBXFileReference; lastKnownFileType = sourcecode.swift; path = Appointment.swift; sourceTree = "<group>"; };
		C64265E820A1305100D412D8 /* LoginVC.swift */ = {isa = PBXFileReference; lastKnownFileType = sourcecode.swift; path = LoginVC.swift; sourceTree = "<group>"; };
		C64265EC20A1375C00D412D8 /* ClientTabVC.swift */ = {isa = PBXFileReference; lastKnownFileType = sourcecode.swift; path = ClientTabVC.swift; sourceTree = "<group>"; };
		C64265F320A1FFF700D412D8 /* ApptDetailVC.swift */ = {isa = PBXFileReference; lastKnownFileType = sourcecode.swift; path = ApptDetailVC.swift; sourceTree = "<group>"; };
		C64265FB20A21EA200D412D8 /* CustomHeader.swift */ = {isa = PBXFileReference; lastKnownFileType = sourcecode.swift; path = CustomHeader.swift; sourceTree = "<group>"; };
		C64265FD20A2346D00D412D8 /* ClientAppointmentHistoryVC.swift */ = {isa = PBXFileReference; lastKnownFileType = sourcecode.swift; path = ClientAppointmentHistoryVC.swift; sourceTree = "<group>"; };
		C64265FF20A25AE200D412D8 /* ClientAccountInfoVC.swift */ = {isa = PBXFileReference; lastKnownFileType = sourcecode.swift; path = ClientAccountInfoVC.swift; sourceTree = "<group>"; };
		C642660120A25CA900D412D8 /* ResetPasswordVC.swift */ = {isa = PBXFileReference; lastKnownFileType = sourcecode.swift; path = ResetPasswordVC.swift; sourceTree = "<group>"; };
		C642660320A4FB1E00D412D8 /* FirstLoginVC.swift */ = {isa = PBXFileReference; lastKnownFileType = sourcecode.swift; path = FirstLoginVC.swift; sourceTree = "<group>"; };
		C644538F20A64A9A001AEF32 /* ApptNotesVC.swift */ = {isa = PBXFileReference; lastKnownFileType = sourcecode.swift; path = ApptNotesVC.swift; sourceTree = "<group>"; };
		C644539120A9A8A1001AEF32 /* TreatmentsCatVC.swift */ = {isa = PBXFileReference; lastKnownFileType = sourcecode.swift; path = TreatmentsCatVC.swift; sourceTree = "<group>"; };
		C644548B20AD9620001AEF32 /* OnBoardingVC.swift */ = {isa = PBXFileReference; lastKnownFileType = sourcecode.swift; path = OnBoardingVC.swift; sourceTree = "<group>"; };
		C644548F20AD9A2C001AEF32 /* CalendarExtensions.swift */ = {isa = PBXFileReference; lastKnownFileType = sourcecode.swift; path = CalendarExtensions.swift; sourceTree = "<group>"; };
		C656EF6E209F5EF90032E26F /* StudioMedDatabase.app */ = {isa = PBXFileReference; explicitFileType = wrapper.application; includeInIndex = 0; path = StudioMedDatabase.app; sourceTree = BUILT_PRODUCTS_DIR; };
		C656EF71209F5EF90032E26F /* AppDelegate.swift */ = {isa = PBXFileReference; lastKnownFileType = sourcecode.swift; path = AppDelegate.swift; sourceTree = "<group>"; };
		C656EF76209F5EF90032E26F /* Base */ = {isa = PBXFileReference; lastKnownFileType = file.storyboard; name = Base; path = Base.lproj/Main.storyboard; sourceTree = "<group>"; };
		C656EF79209F5EF90032E26F /* StudioMedDatabase.xcdatamodel */ = {isa = PBXFileReference; lastKnownFileType = wrapper.xcdatamodel; path = StudioMedDatabase.xcdatamodel; sourceTree = "<group>"; };
		C656EF7B209F5EF90032E26F /* Assets.xcassets */ = {isa = PBXFileReference; lastKnownFileType = folder.assetcatalog; path = Assets.xcassets; sourceTree = "<group>"; };
		C656EF7E209F5EF90032E26F /* Base */ = {isa = PBXFileReference; lastKnownFileType = file.storyboard; name = Base; path = Base.lproj/LaunchScreen.storyboard; sourceTree = "<group>"; };
		C656EF80209F5EF90032E26F /* Info.plist */ = {isa = PBXFileReference; lastKnownFileType = text.plist.xml; path = Info.plist; sourceTree = "<group>"; };
		C656EF85209F5EF90032E26F /* StudioMedDatabaseTests.xctest */ = {isa = PBXFileReference; explicitFileType = wrapper.cfbundle; includeInIndex = 0; path = StudioMedDatabaseTests.xctest; sourceTree = BUILT_PRODUCTS_DIR; };
		C656EF90209F5EF90032E26F /* StudioMedDatabaseUITests.xctest */ = {isa = PBXFileReference; explicitFileType = wrapper.cfbundle; includeInIndex = 0; path = StudioMedDatabaseUITests.xctest; sourceTree = BUILT_PRODUCTS_DIR; };
		C656EFE3209F60300032E26F /* GoogleService-Info.plist */ = {isa = PBXFileReference; fileEncoding = 4; lastKnownFileType = text.plist.xml; path = "GoogleService-Info.plist"; sourceTree = "<group>"; };
		C674E4C020C1C15E00587B15 /* ClientViewNotesVC.swift */ = {isa = PBXFileReference; lastKnownFileType = sourcecode.swift; path = ClientViewNotesVC.swift; sourceTree = "<group>"; };
		C674E4C220C4ADCA00587B15 /* AboutStudioMedVC.swift */ = {isa = PBXFileReference; lastKnownFileType = sourcecode.swift; path = AboutStudioMedVC.swift; sourceTree = "<group>"; };
		C685DDFE20CF14C70022C418 /* RequestApptDetailVC.swift */ = {isa = PBXFileReference; lastKnownFileType = sourcecode.swift; path = RequestApptDetailVC.swift; sourceTree = "<group>"; };
		C69DB17A20BEAFB90022A426 /* ColorExtensions.swift */ = {isa = PBXFileReference; lastKnownFileType = sourcecode.swift; path = ColorExtensions.swift; sourceTree = "<group>"; };
		C6BAB63820A5155A0078A8C0 /* ZipCodeArray.swift */ = {isa = PBXFileReference; lastKnownFileType = sourcecode.swift; path = ZipCodeArray.swift; sourceTree = "<group>"; };
		C6BAB63A20A524010078A8C0 /* TermsOfServiceVC.swift */ = {isa = PBXFileReference; lastKnownFileType = sourcecode.swift; path = TermsOfServiceVC.swift; sourceTree = "<group>"; };
		C6BAB63C20A5240B0078A8C0 /* PrivacyPolicyVC.swift */ = {isa = PBXFileReference; lastKnownFileType = sourcecode.swift; path = PrivacyPolicyVC.swift; sourceTree = "<group>"; };
		C6BAB63E20A524160078A8C0 /* EditInfoVC.swift */ = {isa = PBXFileReference; lastKnownFileType = sourcecode.swift; path = EditInfoVC.swift; sourceTree = "<group>"; };
		C6BAB64020A533110078A8C0 /* ContactUsVC.swift */ = {isa = PBXFileReference; lastKnownFileType = sourcecode.swift; path = ContactUsVC.swift; sourceTree = "<group>"; };
		C6BAB64320A621240078A8C0 /* TreatmentsVC.swift */ = {isa = PBXFileReference; lastKnownFileType = sourcecode.swift; path = TreatmentsVC.swift; sourceTree = "<group>"; };
		C6BAB64520A624F40078A8C0 /* Treatment.swift */ = {isa = PBXFileReference; lastKnownFileType = sourcecode.swift; path = Treatment.swift; sourceTree = "<group>"; };
		C6BAB64720A629250078A8C0 /* TreatmentDetailVC.swift */ = {isa = PBXFileReference; lastKnownFileType = sourcecode.swift; path = TreatmentDetailVC.swift; sourceTree = "<group>"; };
		C6BF8C5220BC4AAE00C652E5 /* SearchFooter.swift */ = {isa = PBXFileReference; fileEncoding = 4; lastKnownFileType = sourcecode.swift; path = SearchFooter.swift; sourceTree = "<group>"; };
		C6F6334620C830E200F761EA /* MapPin.swift */ = {isa = PBXFileReference; lastKnownFileType = sourcecode.swift; path = MapPin.swift; sourceTree = "<group>"; };
		C6F6334820C842B200F761EA /* FirstLoginNavVC.swift */ = {isa = PBXFileReference; lastKnownFileType = sourcecode.swift; path = FirstLoginNavVC.swift; sourceTree = "<group>"; };
		DF9AD4E74E3D026A1F9E40AC /* Pods-StudioMedDatabaseUITests.debug.xcconfig */ = {isa = PBXFileReference; includeInIndex = 1; lastKnownFileType = text.xcconfig; name = "Pods-StudioMedDatabaseUITests.debug.xcconfig"; path = "Pods/Target Support Files/Pods-StudioMedDatabaseUITests/Pods-StudioMedDatabaseUITests.debug.xcconfig"; sourceTree = "<group>"; };
		ED3108B361D4826F5E658D11 /* Pods-StudioMedDatabase.release.xcconfig */ = {isa = PBXFileReference; includeInIndex = 1; lastKnownFileType = text.xcconfig; name = "Pods-StudioMedDatabase.release.xcconfig"; path = "Pods/Target Support Files/Pods-StudioMedDatabase/Pods-StudioMedDatabase.release.xcconfig"; sourceTree = "<group>"; };
/* End PBXFileReference section */

/* Begin PBXFrameworksBuildPhase section */
		C656EF6B209F5EF90032E26F /* Frameworks */ = {
			isa = PBXFrameworksBuildPhase;
			buildActionMask = 2147483647;
			files = (
				E86F5A068996226E5EBDEAE3 /* Pods_StudioMedDatabase.framework in Frameworks */,
			);
			runOnlyForDeploymentPostprocessing = 0;
		};
		C656EF82209F5EF90032E26F /* Frameworks */ = {
			isa = PBXFrameworksBuildPhase;
			buildActionMask = 2147483647;
			files = (
				B1B3C5CDFB82FDDD8A2590CD /* Pods_StudioMedDatabaseTests.framework in Frameworks */,
			);
			runOnlyForDeploymentPostprocessing = 0;
		};
		C656EF8D209F5EF90032E26F /* Frameworks */ = {
			isa = PBXFrameworksBuildPhase;
			buildActionMask = 2147483647;
			files = (
				AD1E4F7556EFA1448752C544 /* Pods_StudioMedDatabaseUITests.framework in Frameworks */,
			);
			runOnlyForDeploymentPostprocessing = 0;
		};
/* End PBXFrameworksBuildPhase section */

/* Begin PBXGroup section */
		979349727E6027D5C5529330 /* Pods */ = {
			isa = PBXGroup;
			children = (
				7E61010B1AE1B8DFF6271088 /* Pods-StudioMedDatabase.debug.xcconfig */,
				ED3108B361D4826F5E658D11 /* Pods-StudioMedDatabase.release.xcconfig */,
				192715BC51DBE27659C93DEA /* Pods-StudioMedDatabaseTests.debug.xcconfig */,
				B272D49DBAD86E0A97DF08E8 /* Pods-StudioMedDatabaseTests.release.xcconfig */,
				DF9AD4E74E3D026A1F9E40AC /* Pods-StudioMedDatabaseUITests.debug.xcconfig */,
				03663DA1EBC3BAAF64B2FCD5 /* Pods-StudioMedDatabaseUITests.release.xcconfig */,
			);
			name = Pods;
			sourceTree = "<group>";
		};
		C608F30B20B7387900410951 /* DatePickerFramework */ = {
			isa = PBXGroup;
			children = (
				C608F30120B5DC0200410951 /* DateCollectionViewCell.swift */,
				C608F30220B5DC0300410951 /* DateTimePicker.swift */,
				C608F30320B5DC0500410951 /* FullDateCollectionViewCell.swift */,
				C608F30420B5DC0600410951 /* StepCollectionViewFlowLayout.swift */,
			);
			path = DatePickerFramework;
			sourceTree = "<group>";
		};
		C64265DF20A0F45500D412D8 /* Model */ = {
			isa = PBXGroup;
			children = (
				C64265E020A0F47100D412D8 /* User.swift */,
				C64265E620A12D8600D412D8 /* Appointment.swift */,
				C6BAB64520A624F40078A8C0 /* Treatment.swift */,
				C6BAB63820A5155A0078A8C0 /* ZipCodeArray.swift */,
			);
			path = Model;
			sourceTree = "<group>";
		};
		C64265EE20A1F97500D412D8 /* Controllers */ = {
			isa = PBXGroup;
			children = (
				C642660320A4FB1E00D412D8 /* FirstLoginVC.swift */,
				C6F6334820C842B200F761EA /* FirstLoginNavVC.swift */,
				C64265E820A1305100D412D8 /* LoginVC.swift */,
				C644548B20AD9620001AEF32 /* OnBoardingVC.swift */,
				C631F04420B1BEC900D985E2 /* OnBoardingCollectionViewCell.swift */,
				C64265D0209F662E00D412D8 /* CreateAccountVC.swift */,
				C64265F020A1FFC600D412D8 /* Client */,
			);
			path = Controllers;
			sourceTree = "<group>";
		};
		C64265F020A1FFC600D412D8 /* Client */ = {
			isa = PBXGroup;
			children = (
				C64265EC20A1375C00D412D8 /* ClientTabVC.swift */,
				C64265DD20A0E27000D412D8 /* CreateApptVC.swift */,
				C685DDFE20CF14C70022C418 /* RequestApptDetailVC.swift */,
				C608F30B20B7387900410951 /* DatePickerFramework */,
				C631F03A20AF820700D985E2 /* GetDateVC.swift */,
				C644538F20A64A9A001AEF32 /* ApptNotesVC.swift */,
				C64265FD20A2346D00D412D8 /* ClientAppointmentHistoryVC.swift */,
				C64265F320A1FFF700D412D8 /* ApptDetailVC.swift */,
				C644539120A9A8A1001AEF32 /* TreatmentsCatVC.swift */,
				C6BAB64320A621240078A8C0 /* TreatmentsVC.swift */,
				C6BAB64720A629250078A8C0 /* TreatmentDetailVC.swift */,
				C674E4C020C1C15E00587B15 /* ClientViewNotesVC.swift */,
				C631F03C20AF860E00D985E2 /* Protocols.swift */,
				C631F04020B135E600D985E2 /* ScaleSegue.swift */,
				C6BF8C5220BC4AAE00C652E5 /* SearchFooter.swift */,
				C6BAB64220A620F40078A8C0 /* MyInfo */,
				C6BAB64020A533110078A8C0 /* ContactUsVC.swift */,
			);
			path = Client;
			sourceTree = "<group>";
		};
		C656EF65209F5EF90032E26F = {
			isa = PBXGroup;
			children = (
				C656EF70209F5EF90032E26F /* StudioMedDatabase */,
				C656EF6F209F5EF90032E26F /* Products */,
				979349727E6027D5C5529330 /* Pods */,
				F2F4C500740EDDB6E539C3E1 /* Frameworks */,
			);
			sourceTree = "<group>";
		};
		C656EF6F209F5EF90032E26F /* Products */ = {
			isa = PBXGroup;
			children = (
				C656EF6E209F5EF90032E26F /* StudioMedDatabase.app */,
				C656EF85209F5EF90032E26F /* StudioMedDatabaseTests.xctest */,
				C656EF90209F5EF90032E26F /* StudioMedDatabaseUITests.xctest */,
			);
			name = Products;
			sourceTree = "<group>";
		};
		C656EF70209F5EF90032E26F /* StudioMedDatabase */ = {
			isa = PBXGroup;
			children = (
				C656EF71209F5EF90032E26F /* AppDelegate.swift */,
				C64265D8209F750500D412D8 /* GCD.swift */,
				C644548F20AD9A2C001AEF32 /* CalendarExtensions.swift */,
				C69DB17A20BEAFB90022A426 /* ColorExtensions.swift */,
				C64265D6209F747B00D412D8 /* Alerts.swift */,
				C64265EE20A1F97500D412D8 /* Controllers */,
				C64265DF20A0F45500D412D8 /* Model */,
				C64265D4209F6B7E00D412D8 /* UserDataModel.swift */,
				C64265FB20A21EA200D412D8 /* CustomHeader.swift */,
				C656EF75209F5EF90032E26F /* Main.storyboard */,
				C656EF7B209F5EF90032E26F /* Assets.xcassets */,
				C656EF7D209F5EF90032E26F /* LaunchScreen.storyboard */,
				C656EF80209F5EF90032E26F /* Info.plist */,
				C656EFE3209F60300032E26F /* GoogleService-Info.plist */,
				C656EF78209F5EF90032E26F /* StudioMedDatabase.xcdatamodeld */,
			);
			path = StudioMedDatabase;
			sourceTree = "<group>";
		};
		C6BAB64220A620F40078A8C0 /* MyInfo */ = {
			isa = PBXGroup;
			children = (
				C64265FF20A25AE200D412D8 /* ClientAccountInfoVC.swift */,
				C6BAB63E20A524160078A8C0 /* EditInfoVC.swift */,
				C642660120A25CA900D412D8 /* ResetPasswordVC.swift */,
				C674E4C220C4ADCA00587B15 /* AboutStudioMedVC.swift */,
				C6F6334620C830E200F761EA /* MapPin.swift */,
				C6BAB63A20A524010078A8C0 /* TermsOfServiceVC.swift */,
				C6BAB63C20A5240B0078A8C0 /* PrivacyPolicyVC.swift */,
			);
			path = MyInfo;
			sourceTree = "<group>";
		};
		F2F4C500740EDDB6E539C3E1 /* Frameworks */ = {
			isa = PBXGroup;
			children = (
				57AFD6C6B3B470BA99F82962 /* Pods_StudioMedDatabase.framework */,
				344048C03F932791C24E3A1E /* Pods_StudioMedDatabaseTests.framework */,
				AC1A962ACA2C6BC75908F5D3 /* Pods_StudioMedDatabaseUITests.framework */,
			);
			name = Frameworks;
			sourceTree = "<group>";
		};
/* End PBXGroup section */

/* Begin PBXNativeTarget section */
		C656EF6D209F5EF90032E26F /* StudioMedDatabase */ = {
			isa = PBXNativeTarget;
			buildConfigurationList = C656EF99209F5EF90032E26F /* Build configuration list for PBXNativeTarget "StudioMedDatabase" */;
			buildPhases = (
				C9025B5ACF20D3FE39135110 /* [CP] Check Pods Manifest.lock */,
				C656EF6A209F5EF90032E26F /* Sources */,
				C656EF6B209F5EF90032E26F /* Frameworks */,
				C656EF6C209F5EF90032E26F /* Resources */,
				0843C74B60299D7A19E6E90A /* [CP] Embed Pods Frameworks */,
			);
			buildRules = (
			);
			dependencies = (
			);
			name = StudioMedDatabase;
			productName = StudioMedDatabase;
			productReference = C656EF6E209F5EF90032E26F /* StudioMedDatabase.app */;
			productType = "com.apple.product-type.application";
		};
		C656EF84209F5EF90032E26F /* StudioMedDatabaseTests */ = {
			isa = PBXNativeTarget;
			buildConfigurationList = C656EF9C209F5EF90032E26F /* Build configuration list for PBXNativeTarget "StudioMedDatabaseTests" */;
			buildPhases = (
				20FF5E84BE59DA1ECAFBC5D6 /* [CP] Check Pods Manifest.lock */,
				C656EF81209F5EF90032E26F /* Sources */,
				C656EF82209F5EF90032E26F /* Frameworks */,
				C656EF83209F5EF90032E26F /* Resources */,
			);
			buildRules = (
			);
			dependencies = (
				C656EF87209F5EF90032E26F /* PBXTargetDependency */,
			);
			name = StudioMedDatabaseTests;
			productName = StudioMedDatabaseTests;
			productReference = C656EF85209F5EF90032E26F /* StudioMedDatabaseTests.xctest */;
			productType = "com.apple.product-type.bundle.unit-test";
		};
		C656EF8F209F5EF90032E26F /* StudioMedDatabaseUITests */ = {
			isa = PBXNativeTarget;
			buildConfigurationList = C656EF9F209F5EF90032E26F /* Build configuration list for PBXNativeTarget "StudioMedDatabaseUITests" */;
			buildPhases = (
				BDD12C750DEFE52F2A56C76C /* [CP] Check Pods Manifest.lock */,
				C656EF8C209F5EF90032E26F /* Sources */,
				C656EF8D209F5EF90032E26F /* Frameworks */,
				C656EF8E209F5EF90032E26F /* Resources */,
			);
			buildRules = (
			);
			dependencies = (
				C656EF92209F5EF90032E26F /* PBXTargetDependency */,
			);
			name = StudioMedDatabaseUITests;
			productName = StudioMedDatabaseUITests;
			productReference = C656EF90209F5EF90032E26F /* StudioMedDatabaseUITests.xctest */;
			productType = "com.apple.product-type.bundle.ui-testing";
		};
/* End PBXNativeTarget section */

/* Begin PBXProject section */
		C656EF66209F5EF90032E26F /* Project object */ = {
			isa = PBXProject;
			attributes = {
				LastSwiftUpdateCheck = 0920;
				LastUpgradeCheck = 0920;
				ORGANIZATIONNAME = "Sean Goldsborough";
				TargetAttributes = {
					C656EF6D209F5EF90032E26F = {
						CreatedOnToolsVersion = 9.2;
						ProvisioningStyle = Automatic;
					};
					C656EF84209F5EF90032E26F = {
						CreatedOnToolsVersion = 9.2;
						ProvisioningStyle = Automatic;
						TestTargetID = C656EF6D209F5EF90032E26F;
					};
					C656EF8F209F5EF90032E26F = {
						CreatedOnToolsVersion = 9.2;
						ProvisioningStyle = Automatic;
						TestTargetID = C656EF6D209F5EF90032E26F;
					};
				};
			};
			buildConfigurationList = C656EF69209F5EF90032E26F /* Build configuration list for PBXProject "StudioMedDatabase" */;
			compatibilityVersion = "Xcode 8.0";
			developmentRegion = en;
			hasScannedForEncodings = 0;
			knownRegions = (
				en,
				Base,
			);
			mainGroup = C656EF65209F5EF90032E26F;
			productRefGroup = C656EF6F209F5EF90032E26F /* Products */;
			projectDirPath = "";
			projectRoot = "";
			targets = (
				C656EF6D209F5EF90032E26F /* StudioMedDatabase */,
				C656EF84209F5EF90032E26F /* StudioMedDatabaseTests */,
				C656EF8F209F5EF90032E26F /* StudioMedDatabaseUITests */,
			);
		};
/* End PBXProject section */

/* Begin PBXResourcesBuildPhase section */
		C656EF6C209F5EF90032E26F /* Resources */ = {
			isa = PBXResourcesBuildPhase;
			buildActionMask = 2147483647;
			files = (
				C656EF7F209F5EF90032E26F /* LaunchScreen.storyboard in Resources */,
				C656EF7C209F5EF90032E26F /* Assets.xcassets in Resources */,
				C656EF77209F5EF90032E26F /* Main.storyboard in Resources */,
				C656EFE4209F60310032E26F /* GoogleService-Info.plist in Resources */,
			);
			runOnlyForDeploymentPostprocessing = 0;
		};
		C656EF83209F5EF90032E26F /* Resources */ = {
			isa = PBXResourcesBuildPhase;
			buildActionMask = 2147483647;
			files = (
				C656EFE5209F60310032E26F /* GoogleService-Info.plist in Resources */,
			);
			runOnlyForDeploymentPostprocessing = 0;
		};
		C656EF8E209F5EF90032E26F /* Resources */ = {
			isa = PBXResourcesBuildPhase;
			buildActionMask = 2147483647;
			files = (
				C656EFE6209F60310032E26F /* GoogleService-Info.plist in Resources */,
			);
			runOnlyForDeploymentPostprocessing = 0;
		};
/* End PBXResourcesBuildPhase section */

/* Begin PBXShellScriptBuildPhase section */
		0843C74B60299D7A19E6E90A /* [CP] Embed Pods Frameworks */ = {
			isa = PBXShellScriptBuildPhase;
			buildActionMask = 2147483647;
			files = (
			);
			inputPaths = (
				"${SRCROOT}/Pods/Target Support Files/Pods-StudioMedDatabase/Pods-StudioMedDatabase-frameworks.sh",
				"${BUILT_PRODUCTS_DIR}/GTMSessionFetcher/GTMSessionFetcher.framework",
				"${BUILT_PRODUCTS_DIR}/GoogleToolboxForMac/GoogleToolboxForMac.framework",
				"${BUILT_PRODUCTS_DIR}/JTAppleCalendar/JTAppleCalendar.framework",
				"${BUILT_PRODUCTS_DIR}/Protobuf/Protobuf.framework",
				"${BUILT_PRODUCTS_DIR}/leveldb-library/leveldb.framework",
				"${BUILT_PRODUCTS_DIR}/nanopb/nanopb.framework",
			);
			name = "[CP] Embed Pods Frameworks";
			outputPaths = (
				"${TARGET_BUILD_DIR}/${FRAMEWORKS_FOLDER_PATH}/GTMSessionFetcher.framework",
				"${TARGET_BUILD_DIR}/${FRAMEWORKS_FOLDER_PATH}/GoogleToolboxForMac.framework",
				"${TARGET_BUILD_DIR}/${FRAMEWORKS_FOLDER_PATH}/JTAppleCalendar.framework",
				"${TARGET_BUILD_DIR}/${FRAMEWORKS_FOLDER_PATH}/Protobuf.framework",
				"${TARGET_BUILD_DIR}/${FRAMEWORKS_FOLDER_PATH}/leveldb.framework",
				"${TARGET_BUILD_DIR}/${FRAMEWORKS_FOLDER_PATH}/nanopb.framework",
			);
			runOnlyForDeploymentPostprocessing = 0;
			shellPath = /bin/sh;
			shellScript = "\"${SRCROOT}/Pods/Target Support Files/Pods-StudioMedDatabase/Pods-StudioMedDatabase-frameworks.sh\"\n";
			showEnvVarsInLog = 0;
		};
		20FF5E84BE59DA1ECAFBC5D6 /* [CP] Check Pods Manifest.lock */ = {
			isa = PBXShellScriptBuildPhase;
			buildActionMask = 2147483647;
			files = (
			);
			inputPaths = (
				"${PODS_PODFILE_DIR_PATH}/Podfile.lock",
				"${PODS_ROOT}/Manifest.lock",
			);
			name = "[CP] Check Pods Manifest.lock";
			outputPaths = (
				"$(DERIVED_FILE_DIR)/Pods-StudioMedDatabaseTests-checkManifestLockResult.txt",
			);
			runOnlyForDeploymentPostprocessing = 0;
			shellPath = /bin/sh;
			shellScript = "diff \"${PODS_PODFILE_DIR_PATH}/Podfile.lock\" \"${PODS_ROOT}/Manifest.lock\" > /dev/null\nif [ $? != 0 ] ; then\n    # print error to STDERR\n    echo \"error: The sandbox is not in sync with the Podfile.lock. Run 'pod install' or update your CocoaPods installation.\" >&2\n    exit 1\nfi\n# This output is used by Xcode 'outputs' to avoid re-running this script phase.\necho \"SUCCESS\" > \"${SCRIPT_OUTPUT_FILE_0}\"\n";
			showEnvVarsInLog = 0;
		};
		BDD12C750DEFE52F2A56C76C /* [CP] Check Pods Manifest.lock */ = {
			isa = PBXShellScriptBuildPhase;
			buildActionMask = 2147483647;
			files = (
			);
			inputPaths = (
				"${PODS_PODFILE_DIR_PATH}/Podfile.lock",
				"${PODS_ROOT}/Manifest.lock",
			);
			name = "[CP] Check Pods Manifest.lock";
			outputPaths = (
				"$(DERIVED_FILE_DIR)/Pods-StudioMedDatabaseUITests-checkManifestLockResult.txt",
			);
			runOnlyForDeploymentPostprocessing = 0;
			shellPath = /bin/sh;
			shellScript = "diff \"${PODS_PODFILE_DIR_PATH}/Podfile.lock\" \"${PODS_ROOT}/Manifest.lock\" > /dev/null\nif [ $? != 0 ] ; then\n    # print error to STDERR\n    echo \"error: The sandbox is not in sync with the Podfile.lock. Run 'pod install' or update your CocoaPods installation.\" >&2\n    exit 1\nfi\n# This output is used by Xcode 'outputs' to avoid re-running this script phase.\necho \"SUCCESS\" > \"${SCRIPT_OUTPUT_FILE_0}\"\n";
			showEnvVarsInLog = 0;
		};
		C9025B5ACF20D3FE39135110 /* [CP] Check Pods Manifest.lock */ = {
			isa = PBXShellScriptBuildPhase;
			buildActionMask = 2147483647;
			files = (
			);
			inputPaths = (
				"${PODS_PODFILE_DIR_PATH}/Podfile.lock",
				"${PODS_ROOT}/Manifest.lock",
			);
			name = "[CP] Check Pods Manifest.lock";
			outputPaths = (
				"$(DERIVED_FILE_DIR)/Pods-StudioMedDatabase-checkManifestLockResult.txt",
			);
			runOnlyForDeploymentPostprocessing = 0;
			shellPath = /bin/sh;
			shellScript = "diff \"${PODS_PODFILE_DIR_PATH}/Podfile.lock\" \"${PODS_ROOT}/Manifest.lock\" > /dev/null\nif [ $? != 0 ] ; then\n    # print error to STDERR\n    echo \"error: The sandbox is not in sync with the Podfile.lock. Run 'pod install' or update your CocoaPods installation.\" >&2\n    exit 1\nfi\n# This output is used by Xcode 'outputs' to avoid re-running this script phase.\necho \"SUCCESS\" > \"${SCRIPT_OUTPUT_FILE_0}\"\n";
			showEnvVarsInLog = 0;
		};
/* End PBXShellScriptBuildPhase section */

/* Begin PBXSourcesBuildPhase section */
		C656EF6A209F5EF90032E26F /* Sources */ = {
			isa = PBXSourcesBuildPhase;
			buildActionMask = 2147483647;
			files = (
				C64265D5209F6B7E00D412D8 /* UserDataModel.swift in Sources */,
				C642660220A25CA900D412D8 /* ResetPasswordVC.swift in Sources */,
				C642660020A25AE200D412D8 /* ClientAccountInfoVC.swift in Sources */,
				C6BAB63920A5155A0078A8C0 /* ZipCodeArray.swift in Sources */,
				C64265E920A1305100D412D8 /* LoginVC.swift in Sources */,
				C644539220A9A8A1001AEF32 /* TreatmentsCatVC.swift in Sources */,
				C64265E720A12D8600D412D8 /* Appointment.swift in Sources */,
				C631F03B20AF820700D985E2 /* GetDateVC.swift in Sources */,
				C6BAB64620A624F40078A8C0 /* Treatment.swift in Sources */,
				C6BAB63D20A5240B0078A8C0 /* PrivacyPolicyVC.swift in Sources */,
				C644549020AD9A2C001AEF32 /* CalendarExtensions.swift in Sources */,
				C608F30520B5DC0700410951 /* DateCollectionViewCell.swift in Sources */,
				C631F04520B1BEC900D985E2 /* OnBoardingCollectionViewCell.swift in Sources */,
				C64265D9209F750500D412D8 /* GCD.swift in Sources */,
				C656EF7A209F5EF90032E26F /* StudioMedDatabase.xcdatamodeld in Sources */,
				C674E4C120C1C15E00587B15 /* ClientViewNotesVC.swift in Sources */,
				C64265FC20A21EA200D412D8 /* CustomHeader.swift in Sources */,
				C644548C20AD9620001AEF32 /* OnBoardingVC.swift in Sources */,
				C6BAB63B20A524010078A8C0 /* TermsOfServiceVC.swift in Sources */,
				C631F04120B135E600D985E2 /* ScaleSegue.swift in Sources */,
				C6F6334920C842B200F761EA /* FirstLoginNavVC.swift in Sources */,
				C644539020A64A9A001AEF32 /* ApptNotesVC.swift in Sources */,
				C6F6334720C830E200F761EA /* MapPin.swift in Sources */,
				C69DB17B20BEAFB90022A426 /* ColorExtensions.swift in Sources */,
				C64265ED20A1375C00D412D8 /* ClientTabVC.swift in Sources */,
				C6BAB64820A629250078A8C0 /* TreatmentDetailVC.swift in Sources */,
				C685DDFF20CF14C70022C418 /* RequestApptDetailVC.swift in Sources */,
				C64265D1209F662E00D412D8 /* CreateAccountVC.swift in Sources */,
				C631F03D20AF860E00D985E2 /* Protocols.swift in Sources */,
				C64265DE20A0E27000D412D8 /* CreateApptVC.swift in Sources */,
				C64265D7209F747B00D412D8 /* Alerts.swift in Sources */,
				C608F30820B5DC0700410951 /* StepCollectionViewFlowLayout.swift in Sources */,
				C6BAB63F20A524160078A8C0 /* EditInfoVC.swift in Sources */,
				C674E4C320C4ADCA00587B15 /* AboutStudioMedVC.swift in Sources */,
				C608F30720B5DC0700410951 /* FullDateCollectionViewCell.swift in Sources */,
				C6BF8C5320BC4AAE00C652E5 /* SearchFooter.swift in Sources */,
				C64265FE20A2346D00D412D8 /* ClientAppointmentHistoryVC.swift in Sources */,
				C64265E120A0F47100D412D8 /* User.swift in Sources */,
				C608F30620B5DC0700410951 /* DateTimePicker.swift in Sources */,
				C64265F420A1FFF700D412D8 /* ApptDetailVC.swift in Sources */,
				C656EF72209F5EF90032E26F /* AppDelegate.swift in Sources */,
				C642660420A4FB1E00D412D8 /* FirstLoginVC.swift in Sources */,
				C6BAB64120A533110078A8C0 /* ContactUsVC.swift in Sources */,
				C6BAB64420A621240078A8C0 /* TreatmentsVC.swift in Sources */,
			);
			runOnlyForDeploymentPostprocessing = 0;
		};
		C656EF81209F5EF90032E26F /* Sources */ = {
			isa = PBXSourcesBuildPhase;
			buildActionMask = 2147483647;
			files = (
			);
			runOnlyForDeploymentPostprocessing = 0;
		};
		C656EF8C209F5EF90032E26F /* Sources */ = {
			isa = PBXSourcesBuildPhase;
			buildActionMask = 2147483647;
			files = (
			);
			runOnlyForDeploymentPostprocessing = 0;
		};
/* End PBXSourcesBuildPhase section */

/* Begin PBXTargetDependency section */
		C656EF87209F5EF90032E26F /* PBXTargetDependency */ = {
			isa = PBXTargetDependency;
			target = C656EF6D209F5EF90032E26F /* StudioMedDatabase */;
			targetProxy = C656EF86209F5EF90032E26F /* PBXContainerItemProxy */;
		};
		C656EF92209F5EF90032E26F /* PBXTargetDependency */ = {
			isa = PBXTargetDependency;
			target = C656EF6D209F5EF90032E26F /* StudioMedDatabase */;
			targetProxy = C656EF91209F5EF90032E26F /* PBXContainerItemProxy */;
		};
/* End PBXTargetDependency section */

/* Begin PBXVariantGroup section */
		C656EF75209F5EF90032E26F /* Main.storyboard */ = {
			isa = PBXVariantGroup;
			children = (
				C656EF76209F5EF90032E26F /* Base */,
			);
			name = Main.storyboard;
			sourceTree = "<group>";
		};
		C656EF7D209F5EF90032E26F /* LaunchScreen.storyboard */ = {
			isa = PBXVariantGroup;
			children = (
				C656EF7E209F5EF90032E26F /* Base */,
			);
			name = LaunchScreen.storyboard;
			sourceTree = "<group>";
		};
/* End PBXVariantGroup section */

/* Begin XCBuildConfiguration section */
		C656EF97209F5EF90032E26F /* Debug */ = {
			isa = XCBuildConfiguration;
			buildSettings = {
				ALWAYS_SEARCH_USER_PATHS = NO;
				CLANG_ANALYZER_NONNULL = YES;
				CLANG_ANALYZER_NUMBER_OBJECT_CONVERSION = YES_AGGRESSIVE;
				CLANG_CXX_LANGUAGE_STANDARD = "gnu++14";
				CLANG_CXX_LIBRARY = "libc++";
				CLANG_ENABLE_MODULES = YES;
				CLANG_ENABLE_OBJC_ARC = YES;
				CLANG_WARN_BLOCK_CAPTURE_AUTORELEASING = YES;
				CLANG_WARN_BOOL_CONVERSION = YES;
				CLANG_WARN_COMMA = YES;
				CLANG_WARN_CONSTANT_CONVERSION = YES;
				CLANG_WARN_DIRECT_OBJC_ISA_USAGE = YES_ERROR;
				CLANG_WARN_DOCUMENTATION_COMMENTS = YES;
				CLANG_WARN_EMPTY_BODY = YES;
				CLANG_WARN_ENUM_CONVERSION = YES;
				CLANG_WARN_INFINITE_RECURSION = YES;
				CLANG_WARN_INT_CONVERSION = YES;
				CLANG_WARN_NON_LITERAL_NULL_CONVERSION = YES;
				CLANG_WARN_OBJC_LITERAL_CONVERSION = YES;
				CLANG_WARN_OBJC_ROOT_CLASS = YES_ERROR;
				CLANG_WARN_RANGE_LOOP_ANALYSIS = YES;
				CLANG_WARN_STRICT_PROTOTYPES = YES;
				CLANG_WARN_SUSPICIOUS_MOVE = YES;
				CLANG_WARN_UNGUARDED_AVAILABILITY = YES_AGGRESSIVE;
				CLANG_WARN_UNREACHABLE_CODE = YES;
				CLANG_WARN__DUPLICATE_METHOD_MATCH = YES;
				CODE_SIGN_IDENTITY = "iPhone Developer";
				COPY_PHASE_STRIP = NO;
				DEBUG_INFORMATION_FORMAT = dwarf;
				ENABLE_BITCODE = YES;
				ENABLE_STRICT_OBJC_MSGSEND = YES;
				ENABLE_TESTABILITY = YES;
				GCC_C_LANGUAGE_STANDARD = gnu11;
				GCC_DYNAMIC_NO_PIC = NO;
				GCC_NO_COMMON_BLOCKS = YES;
				GCC_OPTIMIZATION_LEVEL = 0;
				GCC_PREPROCESSOR_DEFINITIONS = (
					"DEBUG=1",
					"$(inherited)",
				);
				GCC_WARN_64_TO_32_BIT_CONVERSION = YES;
				GCC_WARN_ABOUT_RETURN_TYPE = YES_ERROR;
				GCC_WARN_UNDECLARED_SELECTOR = YES;
				GCC_WARN_UNINITIALIZED_AUTOS = YES_AGGRESSIVE;
				GCC_WARN_UNUSED_FUNCTION = YES;
				GCC_WARN_UNUSED_VARIABLE = YES;
				IPHONEOS_DEPLOYMENT_TARGET = 11.2;
				MTL_ENABLE_DEBUG_INFO = YES;
				ONLY_ACTIVE_ARCH = YES;
				SDKROOT = iphoneos;
				SWIFT_ACTIVE_COMPILATION_CONDITIONS = DEBUG;
				SWIFT_OPTIMIZATION_LEVEL = "-Onone";
			};
			name = Debug;
		};
		C656EF98209F5EF90032E26F /* Release */ = {
			isa = XCBuildConfiguration;
			buildSettings = {
				ALWAYS_SEARCH_USER_PATHS = NO;
				CLANG_ANALYZER_NONNULL = YES;
				CLANG_ANALYZER_NUMBER_OBJECT_CONVERSION = YES_AGGRESSIVE;
				CLANG_CXX_LANGUAGE_STANDARD = "gnu++14";
				CLANG_CXX_LIBRARY = "libc++";
				CLANG_ENABLE_MODULES = YES;
				CLANG_ENABLE_OBJC_ARC = YES;
				CLANG_WARN_BLOCK_CAPTURE_AUTORELEASING = YES;
				CLANG_WARN_BOOL_CONVERSION = YES;
				CLANG_WARN_COMMA = YES;
				CLANG_WARN_CONSTANT_CONVERSION = YES;
				CLANG_WARN_DIRECT_OBJC_ISA_USAGE = YES_ERROR;
				CLANG_WARN_DOCUMENTATION_COMMENTS = YES;
				CLANG_WARN_EMPTY_BODY = YES;
				CLANG_WARN_ENUM_CONVERSION = YES;
				CLANG_WARN_INFINITE_RECURSION = YES;
				CLANG_WARN_INT_CONVERSION = YES;
				CLANG_WARN_NON_LITERAL_NULL_CONVERSION = YES;
				CLANG_WARN_OBJC_LITERAL_CONVERSION = YES;
				CLANG_WARN_OBJC_ROOT_CLASS = YES_ERROR;
				CLANG_WARN_RANGE_LOOP_ANALYSIS = YES;
				CLANG_WARN_STRICT_PROTOTYPES = YES;
				CLANG_WARN_SUSPICIOUS_MOVE = YES;
				CLANG_WARN_UNGUARDED_AVAILABILITY = YES_AGGRESSIVE;
				CLANG_WARN_UNREACHABLE_CODE = YES;
				CLANG_WARN__DUPLICATE_METHOD_MATCH = YES;
				CODE_SIGN_IDENTITY = "iPhone Developer";
				COPY_PHASE_STRIP = NO;
				DEBUG_INFORMATION_FORMAT = "dwarf-with-dsym";
				ENABLE_BITCODE = YES;
				ENABLE_NS_ASSERTIONS = NO;
				ENABLE_STRICT_OBJC_MSGSEND = YES;
				GCC_C_LANGUAGE_STANDARD = gnu11;
				GCC_NO_COMMON_BLOCKS = YES;
				GCC_WARN_64_TO_32_BIT_CONVERSION = YES;
				GCC_WARN_ABOUT_RETURN_TYPE = YES_ERROR;
				GCC_WARN_UNDECLARED_SELECTOR = YES;
				GCC_WARN_UNINITIALIZED_AUTOS = YES_AGGRESSIVE;
				GCC_WARN_UNUSED_FUNCTION = YES;
				GCC_WARN_UNUSED_VARIABLE = YES;
				IPHONEOS_DEPLOYMENT_TARGET = 11.2;
				MTL_ENABLE_DEBUG_INFO = NO;
				SDKROOT = iphoneos;
				SWIFT_OPTIMIZATION_LEVEL = "-Owholemodule";
				VALIDATE_PRODUCT = YES;
			};
			name = Release;
		};
		C656EF9A209F5EF90032E26F /* Debug */ = {
			isa = XCBuildConfiguration;
			baseConfigurationReference = 7E61010B1AE1B8DFF6271088 /* Pods-StudioMedDatabase.debug.xcconfig */;
			buildSettings = {
				ASSETCATALOG_COMPILER_APPICON_NAME = AppIcon;
				CODE_SIGN_STYLE = Automatic;
				DEVELOPMENT_TEAM = 3NA78F3F7G;
				INFOPLIST_FILE = StudioMedDatabase/Info.plist;
				LD_RUNPATH_SEARCH_PATHS = "$(inherited) @executable_path/Frameworks";
				PRODUCT_BUNDLE_IDENTIFIER = com.sean.StudioMedDatabase;
				PRODUCT_NAME = "$(TARGET_NAME)";
				SWIFT_VERSION = 4.0;
				TARGETED_DEVICE_FAMILY = 1;
			};
			name = Debug;
		};
		C656EF9B209F5EF90032E26F /* Release */ = {
			isa = XCBuildConfiguration;
			baseConfigurationReference = ED3108B361D4826F5E658D11 /* Pods-StudioMedDatabase.release.xcconfig */;
			buildSettings = {
				ASSETCATALOG_COMPILER_APPICON_NAME = AppIcon;
				CODE_SIGN_STYLE = Automatic;
				DEVELOPMENT_TEAM = 3NA78F3F7G;
				INFOPLIST_FILE = StudioMedDatabase/Info.plist;
				LD_RUNPATH_SEARCH_PATHS = "$(inherited) @executable_path/Frameworks";
				PRODUCT_BUNDLE_IDENTIFIER = com.sean.StudioMedDatabase;
				PRODUCT_NAME = "$(TARGET_NAME)";
				SWIFT_VERSION = 4.0;
				TARGETED_DEVICE_FAMILY = 1;
			};
			name = Release;
		};
		C656EF9D209F5EF90032E26F /* Debug */ = {
			isa = XCBuildConfiguration;
			baseConfigurationReference = 192715BC51DBE27659C93DEA /* Pods-StudioMedDatabaseTests.debug.xcconfig */;
			buildSettings = {
				ALWAYS_EMBED_SWIFT_STANDARD_LIBRARIES = YES;
				BUNDLE_LOADER = "$(TEST_HOST)";
				CODE_SIGN_STYLE = Automatic;
				DEVELOPMENT_TEAM = 3NA78F3F7G;
				INFOPLIST_FILE = StudioMedDatabaseTests/Info.plist;
				LD_RUNPATH_SEARCH_PATHS = "$(inherited) @executable_path/Frameworks @loader_path/Frameworks";
				PRODUCT_BUNDLE_IDENTIFIER = com.sean.StudioMedDatabaseTests;
				PRODUCT_NAME = "$(TARGET_NAME)";
				SWIFT_VERSION = 4.0;
				TARGETED_DEVICE_FAMILY = "1,2";
				TEST_HOST = "$(BUILT_PRODUCTS_DIR)/StudioMedDatabase.app/StudioMedDatabase";
			};
			name = Debug;
		};
		C656EF9E209F5EF90032E26F /* Release */ = {
			isa = XCBuildConfiguration;
			baseConfigurationReference = B272D49DBAD86E0A97DF08E8 /* Pods-StudioMedDatabaseTests.release.xcconfig */;
			buildSettings = {
				ALWAYS_EMBED_SWIFT_STANDARD_LIBRARIES = YES;
				BUNDLE_LOADER = "$(TEST_HOST)";
				CODE_SIGN_STYLE = Automatic;
				DEVELOPMENT_TEAM = 3NA78F3F7G;
				INFOPLIST_FILE = StudioMedDatabaseTests/Info.plist;
				LD_RUNPATH_SEARCH_PATHS = "$(inherited) @executable_path/Frameworks @loader_path/Frameworks";
				PRODUCT_BUNDLE_IDENTIFIER = com.sean.StudioMedDatabaseTests;
				PRODUCT_NAME = "$(TARGET_NAME)";
				SWIFT_VERSION = 4.0;
				TARGETED_DEVICE_FAMILY = "1,2";
				TEST_HOST = "$(BUILT_PRODUCTS_DIR)/StudioMedDatabase.app/StudioMedDatabase";
			};
			name = Release;
		};
		C656EFA0209F5EF90032E26F /* Debug */ = {
			isa = XCBuildConfiguration;
			baseConfigurationReference = DF9AD4E74E3D026A1F9E40AC /* Pods-StudioMedDatabaseUITests.debug.xcconfig */;
			buildSettings = {
				ALWAYS_EMBED_SWIFT_STANDARD_LIBRARIES = YES;
				CODE_SIGN_STYLE = Automatic;
				DEVELOPMENT_TEAM = 3NA78F3F7G;
				INFOPLIST_FILE = StudioMedDatabaseUITests/Info.plist;
				LD_RUNPATH_SEARCH_PATHS = "$(inherited) @executable_path/Frameworks @loader_path/Frameworks";
				PRODUCT_BUNDLE_IDENTIFIER = com.sean.StudioMedDatabaseUITests;
				PRODUCT_NAME = "$(TARGET_NAME)";
				SWIFT_VERSION = 4.0;
				TARGETED_DEVICE_FAMILY = "1,2";
				TEST_TARGET_NAME = StudioMedDatabase;
			};
			name = Debug;
		};
		C656EFA1209F5EF90032E26F /* Release */ = {
			isa = XCBuildConfiguration;
			baseConfigurationReference = 03663DA1EBC3BAAF64B2FCD5 /* Pods-StudioMedDatabaseUITests.release.xcconfig */;
			buildSettings = {
				ALWAYS_EMBED_SWIFT_STANDARD_LIBRARIES = YES;
				CODE_SIGN_STYLE = Automatic;
				DEVELOPMENT_TEAM = 3NA78F3F7G;
				INFOPLIST_FILE = StudioMedDatabaseUITests/Info.plist;
				LD_RUNPATH_SEARCH_PATHS = "$(inherited) @executable_path/Frameworks @loader_path/Frameworks";
				PRODUCT_BUNDLE_IDENTIFIER = com.sean.StudioMedDatabaseUITests;
				PRODUCT_NAME = "$(TARGET_NAME)";
				SWIFT_VERSION = 4.0;
				TARGETED_DEVICE_FAMILY = "1,2";
				TEST_TARGET_NAME = StudioMedDatabase;
			};
			name = Release;
		};
/* End XCBuildConfiguration section */

/* Begin XCConfigurationList section */
		C656EF69209F5EF90032E26F /* Build configuration list for PBXProject "StudioMedDatabase" */ = {
			isa = XCConfigurationList;
			buildConfigurations = (
				C656EF97209F5EF90032E26F /* Debug */,
				C656EF98209F5EF90032E26F /* Release */,
			);
			defaultConfigurationIsVisible = 0;
			defaultConfigurationName = Release;
		};
		C656EF99209F5EF90032E26F /* Build configuration list for PBXNativeTarget "StudioMedDatabase" */ = {
			isa = XCConfigurationList;
			buildConfigurations = (
				C656EF9A209F5EF90032E26F /* Debug */,
				C656EF9B209F5EF90032E26F /* Release */,
			);
			defaultConfigurationIsVisible = 0;
			defaultConfigurationName = Release;
		};
		C656EF9C209F5EF90032E26F /* Build configuration list for PBXNativeTarget "StudioMedDatabaseTests" */ = {
			isa = XCConfigurationList;
			buildConfigurations = (
				C656EF9D209F5EF90032E26F /* Debug */,
				C656EF9E209F5EF90032E26F /* Release */,
			);
			defaultConfigurationIsVisible = 0;
			defaultConfigurationName = Release;
		};
		C656EF9F209F5EF90032E26F /* Build configuration list for PBXNativeTarget "StudioMedDatabaseUITests" */ = {
			isa = XCConfigurationList;
			buildConfigurations = (
				C656EFA0209F5EF90032E26F /* Debug */,
				C656EFA1209F5EF90032E26F /* Release */,
			);
			defaultConfigurationIsVisible = 0;
			defaultConfigurationName = Release;
		};
/* End XCConfigurationList section */

/* Begin XCVersionGroup section */
		C656EF78209F5EF90032E26F /* StudioMedDatabase.xcdatamodeld */ = {
			isa = XCVersionGroup;
			children = (
				C656EF79209F5EF90032E26F /* StudioMedDatabase.xcdatamodel */,
			);
			currentVersion = C656EF79209F5EF90032E26F /* StudioMedDatabase.xcdatamodel */;
			path = StudioMedDatabase.xcdatamodeld;
			sourceTree = "<group>";
			versionGroupType = wrapper.xcdatamodel;
		};
/* End XCVersionGroup section */
	};
	rootObject = C656EF66209F5EF90032E26F /* Project object */;
}
